
Microsoft Visual Studio Solution File, Format Version 12.00
# Visual Studio Version 16
VisualStudioVersion = 16.0.29324.140
MinimumVisualStudioVersion = 10.0.40219.1
Project("{9A19103F-16F7-4668-BE54-9A1E7A4F7556}") = "SpanStringParser", "SpanStringParser\SpanStringParser.csproj", "{092D5BA7-34DC-4E55-BD31-832F3A36336D}"
EndProject
Project("{9A19103F-16F7-4668-BE54-9A1E7A4F7556}") = "SpanStringParser.Benchmarker", "SpanStringParser.Benchmarker\SpanStringParser.Benchmarker.csproj", "{E9EFBA57-521A-47DD-8C57-315427D1DB5B}"
EndProject
Project("{FAE04EC0-301F-11D3-BF4B-00C04F79EFBC}") = "SpanStringParser.Tests", "SpanStringParser.Tests\SpanStringParser.Tests.csproj", "{FFFAA634-6BDD-4C7B-8542-862A90E23345}"
EndProject
Global
	GlobalSection(SolutionConfigurationPlatforms) = preSolution
		Debug|Any CPU = Debug|Any CPU
		Release|Any CPU = Release|Any CPU
	EndGlobalSection
	GlobalSection(ProjectConfigurationPlatforms) = postSolution
		{092D5BA7-34DC-4E55-BD31-832F3A36336D}.Debug|Any CPU.ActiveCfg = Debug|Any CPU
		{092D5BA7-34DC-4E55-BD31-832F3A36336D}.Debug|Any CPU.Build.0 = Debug|Any CPU
		{092D5BA7-34DC-4E55-BD31-832F3A36336D}.Release|Any CPU.ActiveCfg = Release|Any CPU
		{092D5BA7-34DC-4E55-BD31-832F3A36336D}.Release|Any CPU.Build.0 = Release|Any CPU
		{E9EFBA57-521A-47DD-8C57-315427D1DB5B}.Debug|Any CPU.ActiveCfg = Debug|Any CPU
		{E9EFBA57-521A-47DD-8C57-315427D1DB5B}.Debug|Any CPU.Build.0 = Debug|Any CPU
		{E9EFBA57-521A-47DD-8C57-315427D1DB5B}.Release|Any CPU.ActiveCfg = Release|Any CPU
		{E9EFBA57-521A-47DD-8C57-315427D1DB5B}.Release|Any CPU.Build.0 = Release|Any CPU
		{FFFAA634-6BDD-4C7B-8542-862A90E23345}.Debug|Any CPU.ActiveCfg = Debug|Any CPU
		{FFFAA634-6BDD-4C7B-8542-862A90E23345}.Debug|Any CPU.Build.0 = Debug|Any CPU
		{FFFAA634-6BDD-4C7B-8542-862A90E23345}.Release|Any CPU.ActiveCfg = Release|Any CPU
		{FFFAA634-6BDD-4C7B-8542-862A90E23345}.Release|Any CPU.Build.0 = Release|Any CPU
	EndGlobalSection
	GlobalSection(SolutionProperties) = preSolution
		HideSolutionNode = FALSE
	EndGlobalSection
	GlobalSection(ExtensibilityGlobals) = postSolution
		SolutionGuid = {3612EB16-0F2E-4BB6-953C-2792DDC42460}
	EndGlobalSection
EndGlobal
